
Microsoft Visual Studio Solution File, Format Version 12.00
# Visual Studio Version 16
VisualStudioVersion = 16.0.30523.141
MinimumVisualStudioVersion = 10.0.40219.1
Project("{9A19103F-16F7-4668-BE54-9A1E7A4F7556}") = "Bodegas", "Bodegas\Bodegas.csproj", "{09ACE910-3CB3-4A6E-8361-1B574C46A4A0}"
EndProject
Global
	GlobalSection(SolutionConfigurationPlatforms) = preSolution
		Debug|Any CPU = Debug|Any CPU
		Release|Any CPU = Release|Any CPU
	EndGlobalSection
	GlobalSection(ProjectConfigurationPlatforms) = postSolution
		{09ACE910-3CB3-4A6E-8361-1B574C46A4A0}.Debug|Any CPU.ActiveCfg = Debug|Any CPU
		{09ACE910-3CB3-4A6E-8361-1B574C46A4A0}.Debug|Any CPU.Build.0 = Debug|Any CPU
		{09ACE910-3CB3-4A6E-8361-1B574C46A4A0}.Release|Any CPU.ActiveCfg = Release|Any CPU
		{09ACE910-3CB3-4A6E-8361-1B574C46A4A0}.Release|Any CPU.Build.0 = Release|Any CPU
	EndGlobalSection
	GlobalSection(SolutionProperties) = preSolution
		HideSolutionNode = FALSE
	EndGlobalSection
	GlobalSection(ExtensibilityGlobals) = postSolution
		SolutionGuid = {0E910B14-EC29-4C6F-BEC5-F9E614558CF0}
	EndGlobalSection
EndGlobal
